PODS:
  - SwiftLint (0.31.0)
  - VK-ios-sdk (1.4.6)

DEPENDENCIES:
  - SwiftLint
  - VK-ios-sdk

SPEC REPOS:
  https://github.com/cocoapods/specs.git:
    - SwiftLint
    - VK-ios-sdk

SPEC CHECKSUMS:
  SwiftLint: 7a0227733d786395817373b2d0ca799fd0093ff3
  VK-ios-sdk: 7fd48bc5aaa6b96c3197c1987eb6593f2ea67331

PODFILE CHECKSUM: da488608be16cbf28fcc02227ab9ea164518266f

COCOAPODS: 1.7.0.beta.2
