// !$*UTF8*$!
{
	archiveVersion = 1;
	classes = {
	};
	objectVersion = 50;
	objects = {

/* Begin PBXBuildFile section */
		FA27854822591A200034B838 /* AppDelegate.swift in Sources */ = {isa = PBXBuildFile; fileRef = FA27854722591A200034B838 /* AppDelegate.swift */; };
		FA27854A22591A200034B838 /* StartViewController.swift in Sources */ = {isa = PBXBuildFile; fileRef = FA27854922591A200034B838 /* StartViewController.swift */; };
		FA27854D22591A200034B838 /* Main.storyboard in Resources */ = {isa = PBXBuildFile; fileRef = FA27854B22591A200034B838 /* Main.storyboard */; };
		FA27854F22591A210034B838 /* Assets.xcassets in Resources */ = {isa = PBXBuildFile; fileRef = FA27854E22591A210034B838 /* Assets.xcassets */; };
		FA27855222591A210034B838 /* LaunchScreen.storyboard in Resources */ = {isa = PBXBuildFile; fileRef = FA27855022591A210034B838 /* LaunchScreen.storyboard */; };
		FA5D56E522593A72000FAEF6 /* LoginViewController.swift in Sources */ = {isa = PBXBuildFile; fileRef = FA5D56E422593A72000FAEF6 /* LoginViewController.swift */; };
		FA5D56E7225966D8000FAEF6 /* FriendsViewController.swift in Sources */ = {isa = PBXBuildFile; fileRef = FA5D56E6225966D8000FAEF6 /* FriendsViewController.swift */; };
		FA5D56E9225968AC000FAEF6 /* FriendPhotosViewController.swift in Sources */ = {isa = PBXBuildFile; fileRef = FA5D56E8225968AC000FAEF6 /* FriendPhotosViewController.swift */; };
		FA5D56F12259D01F000FAEF6 /* GroupsViewController.swift in Sources */ = {isa = PBXBuildFile; fileRef = FA5D56F02259D01F000FAEF6 /* GroupsViewController.swift */; };
		FA5D56F32259D206000FAEF6 /* SearchGroupViewController.swift in Sources */ = {isa = PBXBuildFile; fileRef = FA5D56F22259D206000FAEF6 /* SearchGroupViewController.swift */; };
		FA5D56F62259D8F4000FAEF6 /* FriendTableViewCell.swift in Sources */ = {isa = PBXBuildFile; fileRef = FA5D56F52259D8F4000FAEF6 /* FriendTableViewCell.swift */; };
		FA5D56F82259D998000FAEF6 /* Friend.swift in Sources */ = {isa = PBXBuildFile; fileRef = FA5D56F72259D998000FAEF6 /* Friend.swift */; };
		FA5D56FB2259DF47000FAEF6 /* CredentialsChecker.swift in Sources */ = {isa = PBXBuildFile; fileRef = FA5D56FA2259DF47000FAEF6 /* CredentialsChecker.swift */; };
		FA7677E4225A8A5D0000D39A /* MockData.swift in Sources */ = {isa = PBXBuildFile; fileRef = FA7677E3225A8A5D0000D39A /* MockData.swift */; };
		FA7677E6225A9CFC0000D39A /* Group.swift in Sources */ = {isa = PBXBuildFile; fileRef = FA7677E5225A9CFC0000D39A /* Group.swift */; };
		FA7677E9225A9FC90000D39A /* GroupCell.swift in Sources */ = {isa = PBXBuildFile; fileRef = FA7677E8225A9FC90000D39A /* GroupCell.swift */; };
		FA7677EC225AABD10000D39A /* UIViewControllerAlerts.swift in Sources */ = {isa = PBXBuildFile; fileRef = FA7677EB225AABD10000D39A /* UIViewControllerAlerts.swift */; };
		FA7677EE225AAE670000D39A /* AddNewGroupCell.swift in Sources */ = {isa = PBXBuildFile; fileRef = FA7677ED225AAE670000D39A /* AddNewGroupCell.swift */; };
		FA7677F1225B63E30000D39A /* FriendPhotoCell.swift in Sources */ = {isa = PBXBuildFile; fileRef = FA7677F0225B63E30000D39A /* FriendPhotoCell.swift */; };
		FA9B3A172261C5A4009F2CB4 /* RoundShadowView.swift in Sources */ = {isa = PBXBuildFile; fileRef = FA9B3A162261C5A4009F2CB4 /* RoundShadowView.swift */; };
/* End PBXBuildFile section */

/* Begin PBXFileReference section */
		FA27854422591A200034B838 /* GB-VK.app */ = {isa = PBXFileReference; explicitFileType = wrapper.application; includeInIndex = 0; path = "GB-VK.app"; sourceTree = BUILT_PRODUCTS_DIR; };
		FA27854722591A200034B838 /* AppDelegate.swift */ = {isa = PBXFileReference; lastKnownFileType = sourcecode.swift; path = AppDelegate.swift; sourceTree = "<group>"; };
		FA27854922591A200034B838 /* StartViewController.swift */ = {isa = PBXFileReference; lastKnownFileType = sourcecode.swift; path = StartViewController.swift; sourceTree = "<group>"; };
		FA27854C22591A200034B838 /* Base */ = {isa = PBXFileReference; lastKnownFileType = file.storyboard; name = Base; path = Base.lproj/Main.storyboard; sourceTree = "<group>"; };
		FA27854E22591A210034B838 /* Assets.xcassets */ = {isa = PBXFileReference; lastKnownFileType = folder.assetcatalog; path = Assets.xcassets; sourceTree = "<group>"; };
		FA27855122591A210034B838 /* Base */ = {isa = PBXFileReference; lastKnownFileType = file.storyboard; name = Base; path = Base.lproj/LaunchScreen.storyboard; sourceTree = "<group>"; };
		FA27855322591A210034B838 /* Info.plist */ = {isa = PBXFileReference; lastKnownFileType = text.plist.xml; path = Info.plist; sourceTree = "<group>"; };
		FA5D56E422593A72000FAEF6 /* LoginViewController.swift */ = {isa = PBXFileReference; lastKnownFileType = sourcecode.swift; path = LoginViewController.swift; sourceTree = "<group>"; };
		FA5D56E6225966D8000FAEF6 /* FriendsViewController.swift */ = {isa = PBXFileReference; lastKnownFileType = sourcecode.swift; path = FriendsViewController.swift; sourceTree = "<group>"; };
		FA5D56E8225968AC000FAEF6 /* FriendPhotosViewController.swift */ = {isa = PBXFileReference; lastKnownFileType = sourcecode.swift; path = FriendPhotosViewController.swift; sourceTree = "<group>"; };
		FA5D56F02259D01F000FAEF6 /* GroupsViewController.swift */ = {isa = PBXFileReference; lastKnownFileType = sourcecode.swift; path = GroupsViewController.swift; sourceTree = "<group>"; };
		FA5D56F22259D206000FAEF6 /* SearchGroupViewController.swift */ = {isa = PBXFileReference; lastKnownFileType = sourcecode.swift; path = SearchGroupViewController.swift; sourceTree = "<group>"; };
		FA5D56F52259D8F4000FAEF6 /* FriendTableViewCell.swift */ = {isa = PBXFileReference; lastKnownFileType = sourcecode.swift; path = FriendTableViewCell.swift; sourceTree = "<group>"; };
		FA5D56F72259D998000FAEF6 /* Friend.swift */ = {isa = PBXFileReference; lastKnownFileType = sourcecode.swift; path = Friend.swift; sourceTree = "<group>"; };
		FA5D56FA2259DF47000FAEF6 /* CredentialsChecker.swift */ = {isa = PBXFileReference; lastKnownFileType = sourcecode.swift; path = CredentialsChecker.swift; sourceTree = "<group>"; };
		FA7677E3225A8A5D0000D39A /* MockData.swift */ = {isa = PBXFileReference; lastKnownFileType = sourcecode.swift; path = MockData.swift; sourceTree = "<group>"; };
		FA7677E5225A9CFC0000D39A /* Group.swift */ = {isa = PBXFileReference; lastKnownFileType = sourcecode.swift; path = Group.swift; sourceTree = "<group>"; };
		FA7677E8225A9FC90000D39A /* GroupCell.swift */ = {isa = PBXFileReference; lastKnownFileType = sourcecode.swift; path = GroupCell.swift; sourceTree = "<group>"; };
		FA7677EB225AABD10000D39A /* UIViewControllerAlerts.swift */ = {isa = PBXFileReference; lastKnownFileType = sourcecode.swift; path = UIViewControllerAlerts.swift; sourceTree = "<group>"; };
		FA7677ED225AAE670000D39A /* AddNewGroupCell.swift */ = {isa = PBXFileReference; lastKnownFileType = sourcecode.swift; path = AddNewGroupCell.swift; sourceTree = "<group>"; };
		FA7677F0225B63E30000D39A /* FriendPhotoCell.swift */ = {isa = PBXFileReference; lastKnownFileType = sourcecode.swift; path = FriendPhotoCell.swift; sourceTree = "<group>"; };
		FA9B3A162261C5A4009F2CB4 /* RoundShadowView.swift */ = {isa = PBXFileReference; lastKnownFileType = sourcecode.swift; path = RoundShadowView.swift; sourceTree = "<group>"; };
/* End PBXFileReference section */

/* Begin PBXFrameworksBuildPhase section */
		FA27854122591A200034B838 /* Frameworks */ = {
			isa = PBXFrameworksBuildPhase;
			buildActionMask = 2147483647;
			files = (
			);
			runOnlyForDeploymentPostprocessing = 0;
		};
/* End PBXFrameworksBuildPhase section */

/* Begin PBXGroup section */
		FA27853B22591A200034B838 = {
			isa = PBXGroup;
			children = (
				FA27854622591A200034B838 /* GB-VK */,
				FA27854522591A200034B838 /* Products */,
			);
			sourceTree = "<group>";
		};
		FA27854522591A200034B838 /* Products */ = {
			isa = PBXGroup;
			children = (
				FA27854422591A200034B838 /* GB-VK.app */,
			);
			name = Products;
			sourceTree = "<group>";
		};
		FA27854622591A200034B838 /* GB-VK */ = {
			isa = PBXGroup;
			children = (
				FA27854722591A200034B838 /* AppDelegate.swift */,
				FA5D56EA2259CF95000FAEF6 /* Model */,
				FA5D56EB2259CF9C000FAEF6 /* View */,
				FA5D56EC2259CFA1000FAEF6 /* Controller */,
				FA5D56F92259DF39000FAEF6 /* Helper */,
				FA27854E22591A210034B838 /* Assets.xcassets */,
				FA27855322591A210034B838 /* Info.plist */,
			);
			path = "GB-VK";
			sourceTree = "<group>";
		};
		FA5D56EA2259CF95000FAEF6 /* Model */ = {
			isa = PBXGroup;
			children = (
				FA5D56F72259D998000FAEF6 /* Friend.swift */,
				FA7677E5225A9CFC0000D39A /* Group.swift */,
			);
			path = Model;
			sourceTree = "<group>";
		};
		FA5D56EB2259CF9C000FAEF6 /* View */ = {
			isa = PBXGroup;
			children = (
				FA7677EF225B63C30000D39A /* FriendPhotoCell */,
				FA7677E7225A9FB20000D39A /* GroupCell */,
				FA5D56F42259D8DF000FAEF6 /* FriendCell */,
				FA27854B22591A200034B838 /* Main.storyboard */,
				FA27855022591A210034B838 /* LaunchScreen.storyboard */,
			);
			path = View;
			sourceTree = "<group>";
		};
		FA5D56EC2259CFA1000FAEF6 /* Controller */ = {
			isa = PBXGroup;
			children = (
				FA27854922591A200034B838 /* StartViewController.swift */,
				FA5D56ED2259CFCA000FAEF6 /* Login */,
				FA5D56EE2259CFD7000FAEF6 /* Friends */,
				FA5D56EF2259D006000FAEF6 /* Groups */,
			);
			path = Controller;
			sourceTree = "<group>";
		};
		FA5D56ED2259CFCA000FAEF6 /* Login */ = {
			isa = PBXGroup;
			children = (
				FA5D56E422593A72000FAEF6 /* LoginViewController.swift */,
			);
			path = Login;
			sourceTree = "<group>";
		};
		FA5D56EE2259CFD7000FAEF6 /* Friends */ = {
			isa = PBXGroup;
			children = (
				FA5D56E6225966D8000FAEF6 /* FriendsViewController.swift */,
				FA5D56E8225968AC000FAEF6 /* FriendPhotosViewController.swift */,
			);
			path = Friends;
			sourceTree = "<group>";
		};
		FA5D56EF2259D006000FAEF6 /* Groups */ = {
			isa = PBXGroup;
			children = (
				FA5D56F02259D01F000FAEF6 /* GroupsViewController.swift */,
				FA5D56F22259D206000FAEF6 /* SearchGroupViewController.swift */,
			);
			path = Groups;
			sourceTree = "<group>";
		};
		FA5D56F42259D8DF000FAEF6 /* FriendCell */ = {
			isa = PBXGroup;
			children = (
				FA5D56F52259D8F4000FAEF6 /* FriendTableViewCell.swift */,
				FA9B3A162261C5A4009F2CB4 /* RoundShadowView.swift */,
			);
			path = FriendCell;
			sourceTree = "<group>";
		};
		FA5D56F92259DF39000FAEF6 /* Helper */ = {
			isa = PBXGroup;
			children = (
				FA7677EA225AABB80000D39A /* Extension */,
				FA5D56FA2259DF47000FAEF6 /* CredentialsChecker.swift */,
				FA7677E3225A8A5D0000D39A /* MockData.swift */,
			);
			path = Helper;
			sourceTree = "<group>";
		};
		FA7677E7225A9FB20000D39A /* GroupCell */ = {
			isa = PBXGroup;
			children = (
				FA7677E8225A9FC90000D39A /* GroupCell.swift */,
				FA7677ED225AAE670000D39A /* AddNewGroupCell.swift */,
			);
			path = GroupCell;
			sourceTree = "<group>";
		};
		FA7677EA225AABB80000D39A /* Extension */ = {
			isa = PBXGroup;
			children = (
				FA7677EB225AABD10000D39A /* UIViewControllerAlerts.swift */,
			);
			path = Extension;
			sourceTree = "<group>";
		};
		FA7677EF225B63C30000D39A /* FriendPhotoCell */ = {
			isa = PBXGroup;
			children = (
				FA7677F0225B63E30000D39A /* FriendPhotoCell.swift */,
			);
			path = FriendPhotoCell;
			sourceTree = "<group>";
		};
/* End PBXGroup section */

/* Begin PBXNativeTarget section */
		FA27854322591A200034B838 /* GB-VK */ = {
			isa = PBXNativeTarget;
			buildConfigurationList = FA27855622591A210034B838 /* Build configuration list for PBXNativeTarget "GB-VK" */;
			buildPhases = (
				FA27854022591A200034B838 /* Sources */,
				FA27854122591A200034B838 /* Frameworks */,
				FA27854222591A200034B838 /* Resources */,
			);
			buildRules = (
			);
			dependencies = (
			);
			name = "GB-VK";
			productName = "GB-VK";
			productReference = FA27854422591A200034B838 /* GB-VK.app */;
			productType = "com.apple.product-type.application";
		};
/* End PBXNativeTarget section */

/* Begin PBXProject section */
		FA27853C22591A200034B838 /* Project object */ = {
			isa = PBXProject;
			attributes = {
				LastSwiftUpdateCheck = 1020;
				LastUpgradeCheck = 1020;
				ORGANIZATIONNAME = "MacBook-Игорь";
				TargetAttributes = {
					FA27854322591A200034B838 = {
						CreatedOnToolsVersion = 10.2;
					};
				};
			};
			buildConfigurationList = FA27853F22591A200034B838 /* Build configuration list for PBXProject "GB-VK" */;
			compatibilityVersion = "Xcode 9.3";
			developmentRegion = en;
			hasScannedForEncodings = 0;
			knownRegions = (
				en,
				Base,
			);
			mainGroup = FA27853B22591A200034B838;
			productRefGroup = FA27854522591A200034B838 /* Products */;
			projectDirPath = "";
			projectRoot = "";
			targets = (
				FA27854322591A200034B838 /* GB-VK */,
			);
		};
/* End PBXProject section */

/* Begin PBXResourcesBuildPhase section */
		FA27854222591A200034B838 /* Resources */ = {
			isa = PBXResourcesBuildPhase;
			buildActionMask = 2147483647;
			files = (
				FA27855222591A210034B838 /* LaunchScreen.storyboard in Resources */,
				FA27854F22591A210034B838 /* Assets.xcassets in Resources */,
				FA27854D22591A200034B838 /* Main.storyboard in Resources */,
			);
			runOnlyForDeploymentPostprocessing = 0;
		};
/* End PBXResourcesBuildPhase section */

/* Begin PBXSourcesBuildPhase section */
		FA27854022591A200034B838 /* Sources */ = {
			isa = PBXSourcesBuildPhase;
			buildActionMask = 2147483647;
			files = (
				FA5D56E7225966D8000FAEF6 /* FriendsViewController.swift in Sources */,
				FA5D56E522593A72000FAEF6 /* LoginViewController.swift in Sources */,
				FA7677F1225B63E30000D39A /* FriendPhotoCell.swift in Sources */,
				FA7677EE225AAE670000D39A /* AddNewGroupCell.swift in Sources */,
				FA5D56FB2259DF47000FAEF6 /* CredentialsChecker.swift in Sources */,
				FA7677E6225A9CFC0000D39A /* Group.swift in Sources */,
				FA5D56F12259D01F000FAEF6 /* GroupsViewController.swift in Sources */,
				FA5D56E9225968AC000FAEF6 /* FriendPhotosViewController.swift in Sources */,
				FA9B3A172261C5A4009F2CB4 /* RoundShadowView.swift in Sources */,
				FA5D56F32259D206000FAEF6 /* SearchGroupViewController.swift in Sources */,
				FA27854A22591A200034B838 /* StartViewController.swift in Sources */,
				FA5D56F82259D998000FAEF6 /* Friend.swift in Sources */,
				FA7677EC225AABD10000D39A /* UIViewControllerAlerts.swift in Sources */,
				FA27854822591A200034B838 /* AppDelegate.swift in Sources */,
				FA7677E4225A8A5D0000D39A /* MockData.swift in Sources */,
				FA7677E9225A9FC90000D39A /* GroupCell.swift in Sources */,
				FA5D56F62259D8F4000FAEF6 /* FriendTableViewCell.swift in Sources */,
			);
			runOnlyForDeploymentPostprocessing = 0;
		};
/* End PBXSourcesBuildPhase section */

/* Begin PBXVariantGroup section */
		FA27854B22591A200034B838 /* Main.storyboard */ = {
			isa = PBXVariantGroup;
			children = (
				FA27854C22591A200034B838 /* Base */,
			);
			name = Main.storyboard;
			sourceTree = "<group>";
		};
		FA27855022591A210034B838 /* LaunchScreen.storyboard */ = {
			isa = PBXVariantGroup;
			children = (
				FA27855122591A210034B838 /* Base */,
			);
			name = LaunchScreen.storyboard;
			sourceTree = "<group>";
		};
/* End PBXVariantGroup section */

/* Begin XCBuildConfiguration section */
		FA27855422591A210034B838 /* Debug */ = {
			isa = XCBuildConfiguration;
			buildSettings = {
				ALWAYS_SEARCH_USER_PATHS = NO;
				CLANG_ANALYZER_NONNULL = YES;
				CLANG_ANALYZER_NUMBER_OBJECT_CONVERSION = YES_AGGRESSIVE;
				CLANG_CXX_LANGUAGE_STANDARD = "gnu++14";
				CLANG_CXX_LIBRARY = "libc++";
				CLANG_ENABLE_MODULES = YES;
				CLANG_ENABLE_OBJC_ARC = YES;
				CLANG_ENABLE_OBJC_WEAK = YES;
				CLANG_WARN_BLOCK_CAPTURE_AUTORELEASING = YES;
				CLANG_WARN_BOOL_CONVERSION = YES;
				CLANG_WARN_COMMA = YES;
				CLANG_WARN_CONSTANT_CONVERSION = YES;
				CLANG_WARN_DEPRECATED_OBJC_IMPLEMENTATIONS = YES;
				CLANG_WARN_DIRECT_OBJC_ISA_USAGE = YES_ERROR;
				CLANG_WARN_DOCUMENTATION_COMMENTS = YES;
				CLANG_WARN_EMPTY_BODY = YES;
				CLANG_WARN_ENUM_CONVERSION = YES;
				CLANG_WARN_INFINITE_RECURSION = YES;
				CLANG_WARN_INT_CONVERSION = YES;
				CLANG_WARN_NON_LITERAL_NULL_CONVERSION = YES;
				CLANG_WARN_OBJC_IMPLICIT_RETAIN_SELF = YES;
				CLANG_WARN_OBJC_LITERAL_CONVERSION = YES;
				CLANG_WARN_OBJC_ROOT_CLASS = YES_ERROR;
				CLANG_WARN_RANGE_LOOP_ANALYSIS = YES;
				CLANG_WARN_STRICT_PROTOTYPES = YES;
				CLANG_WARN_SUSPICIOUS_MOVE = YES;
				CLANG_WARN_UNGUARDED_AVAILABILITY = YES_AGGRESSIVE;
				CLANG_WARN_UNREACHABLE_CODE = YES;
				CLANG_WARN__DUPLICATE_METHOD_MATCH = YES;
				CODE_SIGN_IDENTITY = "iPhone Developer";
				COPY_PHASE_STRIP = NO;
				DEBUG_INFORMATION_FORMAT = dwarf;
				ENABLE_STRICT_OBJC_MSGSEND = YES;
				ENABLE_TESTABILITY = YES;
				GCC_C_LANGUAGE_STANDARD = gnu11;
				GCC_DYNAMIC_NO_PIC = NO;
				GCC_NO_COMMON_BLOCKS = YES;
				GCC_OPTIMIZATION_LEVEL = 0;
				GCC_PREPROCESSOR_DEFINITIONS = (
					"DEBUG=1",
					"$(inherited)",
				);
				GCC_WARN_64_TO_32_BIT_CONVERSION = YES;
				GCC_WARN_ABOUT_RETURN_TYPE = YES_ERROR;
				GCC_WARN_UNDECLARED_SELECTOR = YES;
				GCC_WARN_UNINITIALIZED_AUTOS = YES_AGGRESSIVE;
				GCC_WARN_UNUSED_FUNCTION = YES;
				GCC_WARN_UNUSED_VARIABLE = YES;
				IPHONEOS_DEPLOYMENT_TARGET = 12.2;
				MTL_ENABLE_DEBUG_INFO = INCLUDE_SOURCE;
				MTL_FAST_MATH = YES;
				ONLY_ACTIVE_ARCH = YES;
				SDKROOT = iphoneos;
				SWIFT_ACTIVE_COMPILATION_CONDITIONS = DEBUG;
				SWIFT_OPTIMIZATION_LEVEL = "-Onone";
			};
			name = Debug;
		};
		FA27855522591A210034B838 /* Release */ = {
			isa = XCBuildConfiguration;
			buildSettings = {
				ALWAYS_SEARCH_USER_PATHS = NO;
				CLANG_ANALYZER_NONNULL = YES;
				CLANG_ANALYZER_NUMBER_OBJECT_CONVERSION = YES_AGGRESSIVE;
				CLANG_CXX_LANGUAGE_STANDARD = "gnu++14";
				CLANG_CXX_LIBRARY = "libc++";
				CLANG_ENABLE_MODULES = YES;
				CLANG_ENABLE_OBJC_ARC = YES;
				CLANG_ENABLE_OBJC_WEAK = YES;
				CLANG_WARN_BLOCK_CAPTURE_AUTORELEASING = YES;
				CLANG_WARN_BOOL_CONVERSION = YES;
				CLANG_WARN_COMMA = YES;
				CLANG_WARN_CONSTANT_CONVERSION = YES;
				CLANG_WARN_DEPRECATED_OBJC_IMPLEMENTATIONS = YES;
				CLANG_WARN_DIRECT_OBJC_ISA_USAGE = YES_ERROR;
				CLANG_WARN_DOCUMENTATION_COMMENTS = YES;
				CLANG_WARN_EMPTY_BODY = YES;
				CLANG_WARN_ENUM_CONVERSION = YES;
				CLANG_WARN_INFINITE_RECURSION = YES;
				CLANG_WARN_INT_CONVERSION = YES;
				CLANG_WARN_NON_LITERAL_NULL_CONVERSION = YES;
				CLANG_WARN_OBJC_IMPLICIT_RETAIN_SELF = YES;
				CLANG_WARN_OBJC_LITERAL_CONVERSION = YES;
				CLANG_WARN_OBJC_ROOT_CLASS = YES_ERROR;
				CLANG_WARN_RANGE_LOOP_ANALYSIS = YES;
				CLANG_WARN_STRICT_PROTOTYPES = YES;
				CLANG_WARN_SUSPICIOUS_MOVE = YES;
				CLANG_WARN_UNGUARDED_AVAILABILITY = YES_AGGRESSIVE;
				CLANG_WARN_UNREACHABLE_CODE = YES;
				CLANG_WARN__DUPLICATE_METHOD_MATCH = YES;
				CODE_SIGN_IDENTITY = "iPhone Developer";
				COPY_PHASE_STRIP = NO;
				DEBUG_INFORMATION_FORMAT = "dwarf-with-dsym";
				ENABLE_NS_ASSERTIONS = NO;
				ENABLE_STRICT_OBJC_MSGSEND = YES;
				GCC_C_LANGUAGE_STANDARD = gnu11;
				GCC_NO_COMMON_BLOCKS = YES;
				GCC_WARN_64_TO_32_BIT_CONVERSION = YES;
				GCC_WARN_ABOUT_RETURN_TYPE = YES_ERROR;
				GCC_WARN_UNDECLARED_SELECTOR = YES;
				GCC_WARN_UNINITIALIZED_AUTOS = YES_AGGRESSIVE;
				GCC_WARN_UNUSED_FUNCTION = YES;
				GCC_WARN_UNUSED_VARIABLE = YES;
				IPHONEOS_DEPLOYMENT_TARGET = 12.2;
				MTL_ENABLE_DEBUG_INFO = NO;
				MTL_FAST_MATH = YES;
				SDKROOT = iphoneos;
				SWIFT_COMPILATION_MODE = wholemodule;
				SWIFT_OPTIMIZATION_LEVEL = "-O";
				VALIDATE_PRODUCT = YES;
			};
			name = Release;
		};
		FA27855722591A210034B838 /* Debug */ = {
			isa = XCBuildConfiguration;
			buildSettings = {
				ASSETCATALOG_COMPILER_APPICON_NAME = AppIcon;
				CODE_SIGN_STYLE = Automatic;
				DEVELOPMENT_TEAM = MG5S74VW4Q;
				INFOPLIST_FILE = "GB-VK/Info.plist";
				LD_RUNPATH_SEARCH_PATHS = (
					"$(inherited)",
					"@executable_path/Frameworks",
				);
				PRODUCT_BUNDLE_IDENTIFIER = "Igor-Tumanov.GB-VK";
				PRODUCT_NAME = "$(TARGET_NAME)";
				SWIFT_VERSION = 5.0;
				TARGETED_DEVICE_FAMILY = "1,2";
			};
			name = Debug;
		};
		FA27855822591A210034B838 /* Release */ = {
			isa = XCBuildConfiguration;
			buildSettings = {
				ASSETCATALOG_COMPILER_APPICON_NAME = AppIcon;
				CODE_SIGN_STYLE = Automatic;
				DEVELOPMENT_TEAM = MG5S74VW4Q;
				INFOPLIST_FILE = "GB-VK/Info.plist";
				LD_RUNPATH_SEARCH_PATHS = (
					"$(inherited)",
					"@executable_path/Frameworks",
				);
				PRODUCT_BUNDLE_IDENTIFIER = "Igor-Tumanov.GB-VK";
				PRODUCT_NAME = "$(TARGET_NAME)";
				SWIFT_VERSION = 5.0;
				TARGETED_DEVICE_FAMILY = "1,2";
			};
			name = Release;
		};
/* End XCBuildConfiguration section */

/* Begin XCConfigurationList section */
		FA27853F22591A200034B838 /* Build configuration list for PBXProject "GB-VK" */ = {
			isa = XCConfigurationList;
			buildConfigurations = (
				FA27855422591A210034B838 /* Debug */,
				FA27855522591A210034B838 /* Release */,
			);
			defaultConfigurationIsVisible = 0;
			defaultConfigurationName = Release;
		};
		FA27855622591A210034B838 /* Build configuration list for PBXNativeTarget "GB-VK" */ = {
			isa = XCConfigurationList;
			buildConfigurations = (
				FA27855722591A210034B838 /* Debug */,
				FA27855822591A210034B838 /* Release */,
			);
			defaultConfigurationIsVisible = 0;
			defaultConfigurationName = Release;
		};
/* End XCConfigurationList section */
	};
	rootObject = FA27853C22591A200034B838 /* Project object */;
}
