// !$*UTF8*$!
{
	archiveVersion = 1;
	classes = {
	};
	objectVersion = 51;
	objects = {

/* Begin PBXBuildFile section */
		46CA97F90239DC607C4EF291 /* Pods_GB_VK.framework in Frameworks */ = {isa = PBXBuildFile; fileRef = D96E26346C7EA3142BC2E25C /* Pods_GB_VK.framework */; };
		FA27854822591A200034B838 /* AppDelegate.swift in Sources */ = {isa = PBXBuildFile; fileRef = FA27854722591A200034B838 /* AppDelegate.swift */; };
		FA27854A22591A200034B838 /* AuthenticationVC.swift in Sources */ = {isa = PBXBuildFile; fileRef = FA27854922591A200034B838 /* AuthenticationVC.swift */; };
		FA27854D22591A200034B838 /* Main.storyboard in Resources */ = {isa = PBXBuildFile; fileRef = FA27854B22591A200034B838 /* Main.storyboard */; };
		FA27854F22591A210034B838 /* Assets.xcassets in Resources */ = {isa = PBXBuildFile; fileRef = FA27854E22591A210034B838 /* Assets.xcassets */; };
		FA27855222591A210034B838 /* LaunchScreen.storyboard in Resources */ = {isa = PBXBuildFile; fileRef = FA27855022591A210034B838 /* LaunchScreen.storyboard */; };
		FA45830F2271FE1E00A2E725 /* AuthService.swift in Sources */ = {isa = PBXBuildFile; fileRef = FA45830E2271FE1E00A2E725 /* AuthService.swift */; };
		FA4583132272024100A2E725 /* Authentication.storyboard in Resources */ = {isa = PBXBuildFile; fileRef = FA4583122272024100A2E725 /* Authentication.storyboard */; };
		FA45831E2272CCAF00A2E725 /* NetworkManager.swift in Sources */ = {isa = PBXBuildFile; fileRef = FA45831D2272CCAF00A2E725 /* NetworkManager.swift */; };
		FA4583202272F67C00A2E725 /* NewsfeedResponse.swift in Sources */ = {isa = PBXBuildFile; fileRef = FA45831F2272F67C00A2E725 /* NewsfeedResponse.swift */; };
		FA4583222272FEEB00A2E725 /* NetworkDataFetcher.swift in Sources */ = {isa = PBXBuildFile; fileRef = FA4583212272FEEB00A2E725 /* NetworkDataFetcher.swift */; };
		FA45832C22730BDB00A2E725 /* NewsfeedPresenter.swift in Sources */ = {isa = PBXBuildFile; fileRef = FA45832522730BDA00A2E725 /* NewsfeedPresenter.swift */; };
		FA45832D22730BDB00A2E725 /* NewsfeedWorker.swift in Sources */ = {isa = PBXBuildFile; fileRef = FA45832622730BDB00A2E725 /* NewsfeedWorker.swift */; };
		FA45832E22730BDB00A2E725 /* NewsfeedRouter.swift in Sources */ = {isa = PBXBuildFile; fileRef = FA45832722730BDB00A2E725 /* NewsfeedRouter.swift */; };
		FA45832F22730BDB00A2E725 /* NewsfeedModels.swift in Sources */ = {isa = PBXBuildFile; fileRef = FA45832822730BDB00A2E725 /* NewsfeedModels.swift */; };
		FA45833022730BDB00A2E725 /* NewsfeedViewController.swift in Sources */ = {isa = PBXBuildFile; fileRef = FA45832922730BDB00A2E725 /* NewsfeedViewController.swift */; };
		FA45833122730BDB00A2E725 /* NewsfeedInteractor.swift in Sources */ = {isa = PBXBuildFile; fileRef = FA45832A22730BDB00A2E725 /* NewsfeedInteractor.swift */; };
		FA4583342273118B00A2E725 /* NewsfeedViewController.storyboard in Resources */ = {isa = PBXBuildFile; fileRef = FA4583332273118B00A2E725 /* NewsfeedViewController.storyboard */; };
		FA458337227320D400A2E725 /* NewsfeedCell.swift in Sources */ = {isa = PBXBuildFile; fileRef = FA458335227320D400A2E725 /* NewsfeedCell.swift */; };
		FA458338227320D400A2E725 /* NewsfeedCell.xib in Resources */ = {isa = PBXBuildFile; fileRef = FA458336227320D400A2E725 /* NewsfeedCell.xib */; };
		FA45833B227359D100A2E725 /* WebImageView.swift in Sources */ = {isa = PBXBuildFile; fileRef = FA45833A227359D100A2E725 /* WebImageView.swift */; };
		FA4583442273747700A2E725 /* FriendsPresenter.swift in Sources */ = {isa = PBXBuildFile; fileRef = FA45833D2273747700A2E725 /* FriendsPresenter.swift */; };
		FA4583452273747700A2E725 /* FriendsWorker.swift in Sources */ = {isa = PBXBuildFile; fileRef = FA45833E2273747700A2E725 /* FriendsWorker.swift */; };
		FA4583462273747700A2E725 /* FriendsRouter.swift in Sources */ = {isa = PBXBuildFile; fileRef = FA45833F2273747700A2E725 /* FriendsRouter.swift */; };
		FA4583472273747700A2E725 /* FriendsModels.swift in Sources */ = {isa = PBXBuildFile; fileRef = FA4583402273747700A2E725 /* FriendsModels.swift */; };
		FA4583482273747700A2E725 /* FriendsViewController.swift in Sources */ = {isa = PBXBuildFile; fileRef = FA4583412273747700A2E725 /* FriendsViewController.swift */; };
		FA4583492273747700A2E725 /* FriendsInteractor.swift in Sources */ = {isa = PBXBuildFile; fileRef = FA4583422273747700A2E725 /* FriendsInteractor.swift */; };
		FA45834C2273749700A2E725 /* Friends.storyboard in Resources */ = {isa = PBXBuildFile; fileRef = FA45834B2273749700A2E725 /* Friends.storyboard */; };
		FA45834F2274243A00A2E725 /* FriendCell.xib in Resources */ = {isa = PBXBuildFile; fileRef = FA45834E2274243A00A2E725 /* FriendCell.xib */; };
		FA4583582274377600A2E725 /* GroupsPresenter.swift in Sources */ = {isa = PBXBuildFile; fileRef = FA4583512274377600A2E725 /* GroupsPresenter.swift */; };
		FA4583592274377600A2E725 /* GroupsWorker.swift in Sources */ = {isa = PBXBuildFile; fileRef = FA4583522274377600A2E725 /* GroupsWorker.swift */; };
		FA45835A2274377600A2E725 /* GroupsRouter.swift in Sources */ = {isa = PBXBuildFile; fileRef = FA4583532274377600A2E725 /* GroupsRouter.swift */; };
		FA45835B2274377600A2E725 /* GroupsModels.swift in Sources */ = {isa = PBXBuildFile; fileRef = FA4583542274377600A2E725 /* GroupsModels.swift */; };
		FA45835C2274377600A2E725 /* GroupsViewController.swift in Sources */ = {isa = PBXBuildFile; fileRef = FA4583552274377600A2E725 /* GroupsViewController.swift */; };
		FA45835D2274377600A2E725 /* GroupsInteractor.swift in Sources */ = {isa = PBXBuildFile; fileRef = FA4583562274377600A2E725 /* GroupsInteractor.swift */; };
		FA4583602274380400A2E725 /* Groups.storyboard in Resources */ = {isa = PBXBuildFile; fileRef = FA45835F2274380400A2E725 /* Groups.storyboard */; };
		FA458364227438B300A2E725 /* GroupCell.swift in Sources */ = {isa = PBXBuildFile; fileRef = FA458362227438B300A2E725 /* GroupCell.swift */; };
		FA458365227438B300A2E725 /* GroupCell.xib in Resources */ = {isa = PBXBuildFile; fileRef = FA458363227438B300A2E725 /* GroupCell.xib */; };
		FA4583682274962F00A2E725 /* AnimationViewController.swift in Sources */ = {isa = PBXBuildFile; fileRef = FA4583672274962F00A2E725 /* AnimationViewController.swift */; };
		FA45836A2274963A00A2E725 /* Animation.storyboard in Resources */ = {isa = PBXBuildFile; fileRef = FA4583692274963A00A2E725 /* Animation.storyboard */; };
		FA45836C2275934700A2E725 /* NewsfeedLayoutCalculator.swift in Sources */ = {isa = PBXBuildFile; fileRef = FA45836B2275934700A2E725 /* NewsfeedLayoutCalculator.swift */; };
		FA4583762276CA1600A2E725 /* FriendPhotosPresenter.swift in Sources */ = {isa = PBXBuildFile; fileRef = FA45836F2276CA1600A2E725 /* FriendPhotosPresenter.swift */; };
		FA4583772276CA1600A2E725 /* FriendPhotosWorker.swift in Sources */ = {isa = PBXBuildFile; fileRef = FA4583702276CA1600A2E725 /* FriendPhotosWorker.swift */; };
		FA4583782276CA1600A2E725 /* FriendPhotosRouter.swift in Sources */ = {isa = PBXBuildFile; fileRef = FA4583712276CA1600A2E725 /* FriendPhotosRouter.swift */; };
		FA4583792276CA1600A2E725 /* FriendPhotosModels.swift in Sources */ = {isa = PBXBuildFile; fileRef = FA4583722276CA1600A2E725 /* FriendPhotosModels.swift */; };
		FA45837A2276CA1600A2E725 /* FriendPhotosViewController.swift in Sources */ = {isa = PBXBuildFile; fileRef = FA4583732276CA1600A2E725 /* FriendPhotosViewController.swift */; };
		FA45837B2276CA1600A2E725 /* FriendPhotosInteractor.swift in Sources */ = {isa = PBXBuildFile; fileRef = FA4583742276CA1600A2E725 /* FriendPhotosInteractor.swift */; };
		FA45837E2276CA4F00A2E725 /* FriendPhotos.storyboard in Resources */ = {isa = PBXBuildFile; fileRef = FA45837D2276CA4F00A2E725 /* FriendPhotos.storyboard */; };
		FA4583812276CFD600A2E725 /* FriendPhotoCell.swift in Sources */ = {isa = PBXBuildFile; fileRef = FA4583802276CFD600A2E725 /* FriendPhotoCell.swift */; };
		FA5CEFBC22771BAD009579ED /* String+Height.swift in Sources */ = {isa = PBXBuildFile; fileRef = FA5CEFBB22771BAD009579ED /* String+Height.swift */; };
		FA5CEFBE22773CD9009579ED /* NewsfeedCodeCell.swift in Sources */ = {isa = PBXBuildFile; fileRef = FA5CEFBD22773CD9009579ED /* NewsfeedCodeCell.swift */; };
		FA5CEFC122786C08009579ED /* FooterView.swift in Sources */ = {isa = PBXBuildFile; fileRef = FA5CEFC022786C08009579ED /* FooterView.swift */; };
		FA5CEFC522787C18009579ED /* NewsfeedCellTopView.swift in Sources */ = {isa = PBXBuildFile; fileRef = FA5CEFC422787C18009579ED /* NewsfeedCellTopView.swift */; };
		FA5CEFC72278821F009579ED /* extUIViewLayout.swift in Sources */ = {isa = PBXBuildFile; fileRef = FA5CEFC62278821F009579ED /* extUIViewLayout.swift */; };
		FA5CEFC9227882E8009579ED /* NewsfeedCellBottomView.swift in Sources */ = {isa = PBXBuildFile; fileRef = FA5CEFC8227882E8009579ED /* NewsfeedCellBottomView.swift */; };
		FA5D56E522593A72000FAEF6 /* LoginViewController.swift in Sources */ = {isa = PBXBuildFile; fileRef = FA5D56E422593A72000FAEF6 /* LoginViewController.swift */; };
		FA5D56E7225966D8000FAEF6 /* FriendsViewController1.swift in Sources */ = {isa = PBXBuildFile; fileRef = FA5D56E6225966D8000FAEF6 /* FriendsViewController1.swift */; };
		FA5D56F12259D01F000FAEF6 /* GroupsViewController1.swift in Sources */ = {isa = PBXBuildFile; fileRef = FA5D56F02259D01F000FAEF6 /* GroupsViewController1.swift */; };
		FA5D56F32259D206000FAEF6 /* SearchGroupViewController.swift in Sources */ = {isa = PBXBuildFile; fileRef = FA5D56F22259D206000FAEF6 /* SearchGroupViewController.swift */; };
		FA5D56F62259D8F4000FAEF6 /* FriendCell.swift in Sources */ = {isa = PBXBuildFile; fileRef = FA5D56F52259D8F4000FAEF6 /* FriendCell.swift */; };
		FA5D56F82259D998000FAEF6 /* Friend.swift in Sources */ = {isa = PBXBuildFile; fileRef = FA5D56F72259D998000FAEF6 /* Friend.swift */; };
		FA5D56FB2259DF47000FAEF6 /* CredentialsChecker.swift in Sources */ = {isa = PBXBuildFile; fileRef = FA5D56FA2259DF47000FAEF6 /* CredentialsChecker.swift */; };
		FA7677E4225A8A5D0000D39A /* MockData.swift in Sources */ = {isa = PBXBuildFile; fileRef = FA7677E3225A8A5D0000D39A /* MockData.swift */; };
		FA7677E6225A9CFC0000D39A /* Group.swift in Sources */ = {isa = PBXBuildFile; fileRef = FA7677E5225A9CFC0000D39A /* Group.swift */; };
		FA7677EC225AABD10000D39A /* UIViewControllerAlerts.swift in Sources */ = {isa = PBXBuildFile; fileRef = FA7677EB225AABD10000D39A /* UIViewControllerAlerts.swift */; };
		FA7677EE225AAE670000D39A /* AddNewGroupCell.swift in Sources */ = {isa = PBXBuildFile; fileRef = FA7677ED225AAE670000D39A /* AddNewGroupCell.swift */; };
		FA9B3A172261C5A4009F2CB4 /* RoundShadowView.swift in Sources */ = {isa = PBXBuildFile; fileRef = FA9B3A162261C5A4009F2CB4 /* RoundShadowView.swift */; };
		FA9B3A1922630CD0009F2CB4 /* CustomControl.swift in Sources */ = {isa = PBXBuildFile; fileRef = FA9B3A1822630CD0009F2CB4 /* CustomControl.swift */; };
		FABF4F03226F935C00672BE4 /* SearchManager.swift in Sources */ = {isa = PBXBuildFile; fileRef = FABF4F02226F935C00672BE4 /* SearchManager.swift */; };
/* End PBXBuildFile section */

/* Begin PBXFileReference section */
		5B8CA86A3CE6E7315B413CFF /* Pods-GB-VK.release.xcconfig */ = {isa = PBXFileReference; includeInIndex = 1; lastKnownFileType = text.xcconfig; name = "Pods-GB-VK.release.xcconfig"; path = "Target Support Files/Pods-GB-VK/Pods-GB-VK.release.xcconfig"; sourceTree = "<group>"; };
		D96E26346C7EA3142BC2E25C /* Pods_GB_VK.framework */ = {isa = PBXFileReference; explicitFileType = wrapper.framework; includeInIndex = 0; path = Pods_GB_VK.framework; sourceTree = BUILT_PRODUCTS_DIR; };
		F6118BB5C370D6E338067247 /* Pods-GB-VK.debug.xcconfig */ = {isa = PBXFileReference; includeInIndex = 1; lastKnownFileType = text.xcconfig; name = "Pods-GB-VK.debug.xcconfig"; path = "Target Support Files/Pods-GB-VK/Pods-GB-VK.debug.xcconfig"; sourceTree = "<group>"; };
		FA27854422591A200034B838 /* GB-VK.app */ = {isa = PBXFileReference; explicitFileType = wrapper.application; includeInIndex = 0; path = "GB-VK.app"; sourceTree = BUILT_PRODUCTS_DIR; };
		FA27854722591A200034B838 /* AppDelegate.swift */ = {isa = PBXFileReference; lastKnownFileType = sourcecode.swift; path = AppDelegate.swift; sourceTree = "<group>"; };
		FA27854922591A200034B838 /* AuthenticationVC.swift */ = {isa = PBXFileReference; lastKnownFileType = sourcecode.swift; path = AuthenticationVC.swift; sourceTree = "<group>"; };
		FA27854C22591A200034B838 /* Base */ = {isa = PBXFileReference; lastKnownFileType = file.storyboard; name = Base; path = Base.lproj/Main.storyboard; sourceTree = "<group>"; };
		FA27854E22591A210034B838 /* Assets.xcassets */ = {isa = PBXFileReference; lastKnownFileType = folder.assetcatalog; path = Assets.xcassets; sourceTree = "<group>"; };
		FA27855122591A210034B838 /* Base */ = {isa = PBXFileReference; lastKnownFileType = file.storyboard; name = Base; path = Base.lproj/LaunchScreen.storyboard; sourceTree = "<group>"; };
		FA27855322591A210034B838 /* Info.plist */ = {isa = PBXFileReference; lastKnownFileType = text.plist.xml; path = Info.plist; sourceTree = "<group>"; };
		FA45830E2271FE1E00A2E725 /* AuthService.swift */ = {isa = PBXFileReference; lastKnownFileType = sourcecode.swift; path = AuthService.swift; sourceTree = "<group>"; };
		FA4583122272024100A2E725 /* Authentication.storyboard */ = {isa = PBXFileReference; lastKnownFileType = file.storyboard; path = Authentication.storyboard; sourceTree = "<group>"; };
		FA45831D2272CCAF00A2E725 /* NetworkManager.swift */ = {isa = PBXFileReference; lastKnownFileType = sourcecode.swift; path = NetworkManager.swift; sourceTree = "<group>"; };
		FA45831F2272F67C00A2E725 /* NewsfeedResponse.swift */ = {isa = PBXFileReference; lastKnownFileType = sourcecode.swift; path = NewsfeedResponse.swift; sourceTree = "<group>"; };
		FA4583212272FEEB00A2E725 /* NetworkDataFetcher.swift */ = {isa = PBXFileReference; lastKnownFileType = sourcecode.swift; path = NetworkDataFetcher.swift; sourceTree = "<group>"; };
		FA45832522730BDA00A2E725 /* NewsfeedPresenter.swift */ = {isa = PBXFileReference; lastKnownFileType = sourcecode.swift; path = NewsfeedPresenter.swift; sourceTree = "<group>"; };
		FA45832622730BDB00A2E725 /* NewsfeedWorker.swift */ = {isa = PBXFileReference; lastKnownFileType = sourcecode.swift; path = NewsfeedWorker.swift; sourceTree = "<group>"; };
		FA45832722730BDB00A2E725 /* NewsfeedRouter.swift */ = {isa = PBXFileReference; lastKnownFileType = sourcecode.swift; path = NewsfeedRouter.swift; sourceTree = "<group>"; };
		FA45832822730BDB00A2E725 /* NewsfeedModels.swift */ = {isa = PBXFileReference; lastKnownFileType = sourcecode.swift; path = NewsfeedModels.swift; sourceTree = "<group>"; };
		FA45832922730BDB00A2E725 /* NewsfeedViewController.swift */ = {isa = PBXFileReference; lastKnownFileType = sourcecode.swift; path = NewsfeedViewController.swift; sourceTree = "<group>"; };
		FA45832A22730BDB00A2E725 /* NewsfeedInteractor.swift */ = {isa = PBXFileReference; lastKnownFileType = sourcecode.swift; path = NewsfeedInteractor.swift; sourceTree = "<group>"; };
		FA4583332273118B00A2E725 /* NewsfeedViewController.storyboard */ = {isa = PBXFileReference; lastKnownFileType = file.storyboard; path = NewsfeedViewController.storyboard; sourceTree = "<group>"; };
		FA458335227320D400A2E725 /* NewsfeedCell.swift */ = {isa = PBXFileReference; lastKnownFileType = sourcecode.swift; path = NewsfeedCell.swift; sourceTree = "<group>"; };
		FA458336227320D400A2E725 /* NewsfeedCell.xib */ = {isa = PBXFileReference; lastKnownFileType = file.xib; path = NewsfeedCell.xib; sourceTree = "<group>"; };
		FA45833A227359D100A2E725 /* WebImageView.swift */ = {isa = PBXFileReference; lastKnownFileType = sourcecode.swift; path = WebImageView.swift; sourceTree = "<group>"; };
		FA45833D2273747700A2E725 /* FriendsPresenter.swift */ = {isa = PBXFileReference; lastKnownFileType = sourcecode.swift; path = FriendsPresenter.swift; sourceTree = "<group>"; };
		FA45833E2273747700A2E725 /* FriendsWorker.swift */ = {isa = PBXFileReference; lastKnownFileType = sourcecode.swift; path = FriendsWorker.swift; sourceTree = "<group>"; };
		FA45833F2273747700A2E725 /* FriendsRouter.swift */ = {isa = PBXFileReference; lastKnownFileType = sourcecode.swift; path = FriendsRouter.swift; sourceTree = "<group>"; };
		FA4583402273747700A2E725 /* FriendsModels.swift */ = {isa = PBXFileReference; lastKnownFileType = sourcecode.swift; path = FriendsModels.swift; sourceTree = "<group>"; };
		FA4583412273747700A2E725 /* FriendsViewController.swift */ = {isa = PBXFileReference; lastKnownFileType = sourcecode.swift; path = FriendsViewController.swift; sourceTree = "<group>"; };
		FA4583422273747700A2E725 /* FriendsInteractor.swift */ = {isa = PBXFileReference; lastKnownFileType = sourcecode.swift; path = FriendsInteractor.swift; sourceTree = "<group>"; };
		FA45834B2273749700A2E725 /* Friends.storyboard */ = {isa = PBXFileReference; lastKnownFileType = file.storyboard; path = Friends.storyboard; sourceTree = "<group>"; };
		FA45834E2274243A00A2E725 /* FriendCell.xib */ = {isa = PBXFileReference; lastKnownFileType = file.xib; path = FriendCell.xib; sourceTree = "<group>"; };
		FA4583512274377600A2E725 /* GroupsPresenter.swift */ = {isa = PBXFileReference; lastKnownFileType = sourcecode.swift; path = GroupsPresenter.swift; sourceTree = "<group>"; };
		FA4583522274377600A2E725 /* GroupsWorker.swift */ = {isa = PBXFileReference; lastKnownFileType = sourcecode.swift; path = GroupsWorker.swift; sourceTree = "<group>"; };
		FA4583532274377600A2E725 /* GroupsRouter.swift */ = {isa = PBXFileReference; lastKnownFileType = sourcecode.swift; path = GroupsRouter.swift; sourceTree = "<group>"; };
		FA4583542274377600A2E725 /* GroupsModels.swift */ = {isa = PBXFileReference; lastKnownFileType = sourcecode.swift; path = GroupsModels.swift; sourceTree = "<group>"; };
		FA4583552274377600A2E725 /* GroupsViewController.swift */ = {isa = PBXFileReference; lastKnownFileType = sourcecode.swift; path = GroupsViewController.swift; sourceTree = "<group>"; };
		FA4583562274377600A2E725 /* GroupsInteractor.swift */ = {isa = PBXFileReference; lastKnownFileType = sourcecode.swift; path = GroupsInteractor.swift; sourceTree = "<group>"; };
		FA45835F2274380400A2E725 /* Groups.storyboard */ = {isa = PBXFileReference; lastKnownFileType = file.storyboard; path = Groups.storyboard; sourceTree = "<group>"; };
		FA458362227438B300A2E725 /* GroupCell.swift */ = {isa = PBXFileReference; lastKnownFileType = sourcecode.swift; path = GroupCell.swift; sourceTree = "<group>"; };
		FA458363227438B300A2E725 /* GroupCell.xib */ = {isa = PBXFileReference; lastKnownFileType = file.xib; path = GroupCell.xib; sourceTree = "<group>"; };
		FA4583672274962F00A2E725 /* AnimationViewController.swift */ = {isa = PBXFileReference; lastKnownFileType = sourcecode.swift; path = AnimationViewController.swift; sourceTree = "<group>"; };
		FA4583692274963A00A2E725 /* Animation.storyboard */ = {isa = PBXFileReference; lastKnownFileType = file.storyboard; path = Animation.storyboard; sourceTree = "<group>"; };
		FA45836B2275934700A2E725 /* NewsfeedLayoutCalculator.swift */ = {isa = PBXFileReference; lastKnownFileType = sourcecode.swift; path = NewsfeedLayoutCalculator.swift; sourceTree = "<group>"; };
		FA45836F2276CA1600A2E725 /* FriendPhotosPresenter.swift */ = {isa = PBXFileReference; lastKnownFileType = sourcecode.swift; path = FriendPhotosPresenter.swift; sourceTree = "<group>"; };
		FA4583702276CA1600A2E725 /* FriendPhotosWorker.swift */ = {isa = PBXFileReference; lastKnownFileType = sourcecode.swift; path = FriendPhotosWorker.swift; sourceTree = "<group>"; };
		FA4583712276CA1600A2E725 /* FriendPhotosRouter.swift */ = {isa = PBXFileReference; lastKnownFileType = sourcecode.swift; path = FriendPhotosRouter.swift; sourceTree = "<group>"; };
		FA4583722276CA1600A2E725 /* FriendPhotosModels.swift */ = {isa = PBXFileReference; lastKnownFileType = sourcecode.swift; path = FriendPhotosModels.swift; sourceTree = "<group>"; };
		FA4583732276CA1600A2E725 /* FriendPhotosViewController.swift */ = {isa = PBXFileReference; lastKnownFileType = sourcecode.swift; path = FriendPhotosViewController.swift; sourceTree = "<group>"; };
		FA4583742276CA1600A2E725 /* FriendPhotosInteractor.swift */ = {isa = PBXFileReference; lastKnownFileType = sourcecode.swift; path = FriendPhotosInteractor.swift; sourceTree = "<group>"; };
		FA45837D2276CA4F00A2E725 /* FriendPhotos.storyboard */ = {isa = PBXFileReference; lastKnownFileType = file.storyboard; path = FriendPhotos.storyboard; sourceTree = "<group>"; };
		FA4583802276CFD600A2E725 /* FriendPhotoCell.swift */ = {isa = PBXFileReference; lastKnownFileType = sourcecode.swift; path = FriendPhotoCell.swift; sourceTree = "<group>"; };
		FA5CEFBB22771BAD009579ED /* String+Height.swift */ = {isa = PBXFileReference; lastKnownFileType = sourcecode.swift; path = "String+Height.swift"; sourceTree = "<group>"; };
		FA5CEFBD22773CD9009579ED /* NewsfeedCodeCell.swift */ = {isa = PBXFileReference; lastKnownFileType = sourcecode.swift; path = NewsfeedCodeCell.swift; sourceTree = "<group>"; };
		FA5CEFC022786C08009579ED /* FooterView.swift */ = {isa = PBXFileReference; lastKnownFileType = sourcecode.swift; path = FooterView.swift; sourceTree = "<group>"; };
		FA5CEFC422787C18009579ED /* NewsfeedCellTopView.swift */ = {isa = PBXFileReference; lastKnownFileType = sourcecode.swift; path = NewsfeedCellTopView.swift; sourceTree = "<group>"; };
		FA5CEFC62278821F009579ED /* extUIViewLayout.swift */ = {isa = PBXFileReference; lastKnownFileType = sourcecode.swift; path = extUIViewLayout.swift; sourceTree = "<group>"; };
		FA5CEFC8227882E8009579ED /* NewsfeedCellBottomView.swift */ = {isa = PBXFileReference; lastKnownFileType = sourcecode.swift; path = NewsfeedCellBottomView.swift; sourceTree = "<group>"; };
		FA5D56E422593A72000FAEF6 /* LoginViewController.swift */ = {isa = PBXFileReference; lastKnownFileType = sourcecode.swift; path = LoginViewController.swift; sourceTree = "<group>"; };
		FA5D56E6225966D8000FAEF6 /* FriendsViewController1.swift */ = {isa = PBXFileReference; lastKnownFileType = sourcecode.swift; path = FriendsViewController1.swift; sourceTree = "<group>"; };
		FA5D56F02259D01F000FAEF6 /* GroupsViewController1.swift */ = {isa = PBXFileReference; lastKnownFileType = sourcecode.swift; path = GroupsViewController1.swift; sourceTree = "<group>"; };
		FA5D56F22259D206000FAEF6 /* SearchGroupViewController.swift */ = {isa = PBXFileReference; lastKnownFileType = sourcecode.swift; path = SearchGroupViewController.swift; sourceTree = "<group>"; };
		FA5D56F52259D8F4000FAEF6 /* FriendCell.swift */ = {isa = PBXFileReference; lastKnownFileType = sourcecode.swift; path = FriendCell.swift; sourceTree = "<group>"; };
		FA5D56F72259D998000FAEF6 /* Friend.swift */ = {isa = PBXFileReference; lastKnownFileType = sourcecode.swift; path = Friend.swift; sourceTree = "<group>"; };
		FA5D56FA2259DF47000FAEF6 /* CredentialsChecker.swift */ = {isa = PBXFileReference; lastKnownFileType = sourcecode.swift; path = CredentialsChecker.swift; sourceTree = "<group>"; };
		FA7677E3225A8A5D0000D39A /* MockData.swift */ = {isa = PBXFileReference; lastKnownFileType = sourcecode.swift; path = MockData.swift; sourceTree = "<group>"; };
		FA7677E5225A9CFC0000D39A /* Group.swift */ = {isa = PBXFileReference; lastKnownFileType = sourcecode.swift; path = Group.swift; sourceTree = "<group>"; };
		FA7677EB225AABD10000D39A /* UIViewControllerAlerts.swift */ = {isa = PBXFileReference; lastKnownFileType = sourcecode.swift; path = UIViewControllerAlerts.swift; sourceTree = "<group>"; };
		FA7677ED225AAE670000D39A /* AddNewGroupCell.swift */ = {isa = PBXFileReference; lastKnownFileType = sourcecode.swift; path = AddNewGroupCell.swift; sourceTree = "<group>"; };
		FA9B3A162261C5A4009F2CB4 /* RoundShadowView.swift */ = {isa = PBXFileReference; lastKnownFileType = sourcecode.swift; path = RoundShadowView.swift; sourceTree = "<group>"; };
		FA9B3A1822630CD0009F2CB4 /* CustomControl.swift */ = {isa = PBXFileReference; lastKnownFileType = sourcecode.swift; path = CustomControl.swift; sourceTree = "<group>"; };
		FABF4F02226F935C00672BE4 /* SearchManager.swift */ = {isa = PBXFileReference; lastKnownFileType = sourcecode.swift; path = SearchManager.swift; sourceTree = "<group>"; };
/* End PBXFileReference section */

/* Begin PBXFrameworksBuildPhase section */
		FA27854122591A200034B838 /* Frameworks */ = {
			isa = PBXFrameworksBuildPhase;
			buildActionMask = 2147483647;
			files = (
				46CA97F90239DC607C4EF291 /* Pods_GB_VK.framework in Frameworks */,
			);
			runOnlyForDeploymentPostprocessing = 0;
		};
/* End PBXFrameworksBuildPhase section */

/* Begin PBXGroup section */
		1106856ECE019F2D07C59F4B /* Frameworks */ = {
			isa = PBXGroup;
			children = (
				D96E26346C7EA3142BC2E25C /* Pods_GB_VK.framework */,
			);
			name = Frameworks;
			sourceTree = "<group>";
		};
		9D3C106EA71C42A8AD5BBA53 /* Pods */ = {
			isa = PBXGroup;
			children = (
				F6118BB5C370D6E338067247 /* Pods-GB-VK.debug.xcconfig */,
				5B8CA86A3CE6E7315B413CFF /* Pods-GB-VK.release.xcconfig */,
			);
			path = Pods;
			sourceTree = "<group>";
		};
		FA27853B22591A200034B838 = {
			isa = PBXGroup;
			children = (
				FA27854622591A200034B838 /* GB-VK */,
				FA27854522591A200034B838 /* Products */,
				9D3C106EA71C42A8AD5BBA53 /* Pods */,
				1106856ECE019F2D07C59F4B /* Frameworks */,
			);
			sourceTree = "<group>";
		};
		FA27854522591A200034B838 /* Products */ = {
			isa = PBXGroup;
			children = (
				FA27854422591A200034B838 /* GB-VK.app */,
			);
			name = Products;
			sourceTree = "<group>";
		};
		FA27854622591A200034B838 /* GB-VK */ = {
			isa = PBXGroup;
			children = (
				FA27854722591A200034B838 /* AppDelegate.swift */,
				FA5D56EA2259CF95000FAEF6 /* Model */,
				FA4583102271FE2200A2E725 /* Services */,
				FA458323227303A700A2E725 /* Screens */,
				FA5D56F92259DF39000FAEF6 /* Helper */,
				FA5D56EB2259CF9C000FAEF6 /* View */,
				FA5D56EC2259CFA1000FAEF6 /* Controller */,
				FA27854E22591A210034B838 /* Assets.xcassets */,
				FA27855322591A210034B838 /* Info.plist */,
			);
			path = "GB-VK";
			sourceTree = "<group>";
		};
		FA4583102271FE2200A2E725 /* Services */ = {
			isa = PBXGroup;
			children = (
				FA45830E2271FE1E00A2E725 /* AuthService.swift */,
				FA45831D2272CCAF00A2E725 /* NetworkManager.swift */,
				FA4583212272FEEB00A2E725 /* NetworkDataFetcher.swift */,
				FABF4F02226F935C00672BE4 /* SearchManager.swift */,
			);
			path = Services;
			sourceTree = "<group>";
		};
		FA4583112272015900A2E725 /* Authentication */ = {
			isa = PBXGroup;
			children = (
				FA4583122272024100A2E725 /* Authentication.storyboard */,
				FA27854922591A200034B838 /* AuthenticationVC.swift */,
			);
			path = Authentication;
			sourceTree = "<group>";
		};
		FA458323227303A700A2E725 /* Screens */ = {
			isa = PBXGroup;
			children = (
				FA4583662274960B00A2E725 /* Animation(temp) */,
				FA4583112272015900A2E725 /* Authentication */,
				FA45833C2273744300A2E725 /* Friends */,
				FA45836E2276C9F600A2E725 /* FriendPhotos */,
				FA4583502274375E00A2E725 /* Groups */,
				FA45832422730BBE00A2E725 /* Newsfeed */,
			);
			path = Screens;
			sourceTree = "<group>";
		};
		FA45832422730BBE00A2E725 /* Newsfeed */ = {
			isa = PBXGroup;
			children = (
				FA458339227320D900A2E725 /* Cell */,
				FA5CEFBF22786BFB009579ED /* FooterView */,
				FA4583332273118B00A2E725 /* NewsfeedViewController.storyboard */,
				FA45832922730BDB00A2E725 /* NewsfeedViewController.swift */,
				FA45832A22730BDB00A2E725 /* NewsfeedInteractor.swift */,
				FA45832522730BDA00A2E725 /* NewsfeedPresenter.swift */,
				FA45832622730BDB00A2E725 /* NewsfeedWorker.swift */,
				FA45832722730BDB00A2E725 /* NewsfeedRouter.swift */,
				FA45832822730BDB00A2E725 /* NewsfeedModels.swift */,
			);
			path = Newsfeed;
			sourceTree = "<group>";
		};
		FA458339227320D900A2E725 /* Cell */ = {
			isa = PBXGroup;
			children = (
				FA5CEFC322787B8B009579ED /* Programmatically */,
				FA5CEFC2227875CA009579ED /* XIB */,
				FA45836B2275934700A2E725 /* NewsfeedLayoutCalculator.swift */,
			);
			path = Cell;
			sourceTree = "<group>";
		};
		FA45833C2273744300A2E725 /* Friends */ = {
			isa = PBXGroup;
			children = (
				FA45834D2274241800A2E725 /* Cell */,
				FA45834B2273749700A2E725 /* Friends.storyboard */,
				FA4583412273747700A2E725 /* FriendsViewController.swift */,
				FA4583422273747700A2E725 /* FriendsInteractor.swift */,
				FA45833D2273747700A2E725 /* FriendsPresenter.swift */,
				FA45833E2273747700A2E725 /* FriendsWorker.swift */,
				FA45833F2273747700A2E725 /* FriendsRouter.swift */,
				FA4583402273747700A2E725 /* FriendsModels.swift */,
			);
			path = Friends;
			sourceTree = "<group>";
		};
		FA45834D2274241800A2E725 /* Cell */ = {
			isa = PBXGroup;
			children = (
				FA45834E2274243A00A2E725 /* FriendCell.xib */,
				FA5D56F52259D8F4000FAEF6 /* FriendCell.swift */,
				FA9B3A162261C5A4009F2CB4 /* RoundShadowView.swift */,
			);
			path = Cell;
			sourceTree = "<group>";
		};
		FA4583502274375E00A2E725 /* Groups */ = {
			isa = PBXGroup;
			children = (
				FA458361227438A200A2E725 /* Cell */,
				FA45835F2274380400A2E725 /* Groups.storyboard */,
				FA4583552274377600A2E725 /* GroupsViewController.swift */,
				FA4583562274377600A2E725 /* GroupsInteractor.swift */,
				FA4583512274377600A2E725 /* GroupsPresenter.swift */,
				FA4583522274377600A2E725 /* GroupsWorker.swift */,
				FA4583532274377600A2E725 /* GroupsRouter.swift */,
				FA4583542274377600A2E725 /* GroupsModels.swift */,
			);
			path = Groups;
			sourceTree = "<group>";
		};
		FA458361227438A200A2E725 /* Cell */ = {
			isa = PBXGroup;
			children = (
				FA458363227438B300A2E725 /* GroupCell.xib */,
				FA458362227438B300A2E725 /* GroupCell.swift */,
			);
			path = Cell;
			sourceTree = "<group>";
		};
		FA4583662274960B00A2E725 /* Animation(temp) */ = {
			isa = PBXGroup;
			children = (
				FA4583672274962F00A2E725 /* AnimationViewController.swift */,
				FA4583692274963A00A2E725 /* Animation.storyboard */,
			);
			path = "Animation(temp)";
			sourceTree = "<group>";
		};
		FA45836E2276C9F600A2E725 /* FriendPhotos */ = {
			isa = PBXGroup;
			children = (
				FA45837F2276CFBB00A2E725 /* Cell */,
				FA45837D2276CA4F00A2E725 /* FriendPhotos.storyboard */,
				FA4583732276CA1600A2E725 /* FriendPhotosViewController.swift */,
				FA4583742276CA1600A2E725 /* FriendPhotosInteractor.swift */,
				FA45836F2276CA1600A2E725 /* FriendPhotosPresenter.swift */,
				FA4583702276CA1600A2E725 /* FriendPhotosWorker.swift */,
				FA4583712276CA1600A2E725 /* FriendPhotosRouter.swift */,
				FA4583722276CA1600A2E725 /* FriendPhotosModels.swift */,
			);
			path = FriendPhotos;
			sourceTree = "<group>";
		};
		FA45837F2276CFBB00A2E725 /* Cell */ = {
			isa = PBXGroup;
			children = (
				FA4583802276CFD600A2E725 /* FriendPhotoCell.swift */,
			);
			path = Cell;
			sourceTree = "<group>";
		};
		FA5CEFBF22786BFB009579ED /* FooterView */ = {
			isa = PBXGroup;
			children = (
				FA5CEFC022786C08009579ED /* FooterView.swift */,
			);
			path = FooterView;
			sourceTree = "<group>";
		};
		FA5CEFC2227875CA009579ED /* XIB */ = {
			isa = PBXGroup;
			children = (
				FA458336227320D400A2E725 /* NewsfeedCell.xib */,
				FA458335227320D400A2E725 /* NewsfeedCell.swift */,
			);
			path = XIB;
			sourceTree = "<group>";
		};
		FA5CEFC322787B8B009579ED /* Programmatically */ = {
			isa = PBXGroup;
			children = (
				FA5CEFBD22773CD9009579ED /* NewsfeedCodeCell.swift */,
				FA5CEFC422787C18009579ED /* NewsfeedCellTopView.swift */,
				FA5CEFC8227882E8009579ED /* NewsfeedCellBottomView.swift */,
			);
			path = Programmatically;
			sourceTree = "<group>";
		};
		FA5D56EA2259CF95000FAEF6 /* Model */ = {
			isa = PBXGroup;
			children = (
				FA5D56F72259D998000FAEF6 /* Friend.swift */,
				FA7677E5225A9CFC0000D39A /* Group.swift */,
				FA45831F2272F67C00A2E725 /* NewsfeedResponse.swift */,
			);
			path = Model;
			sourceTree = "<group>";
		};
		FA5D56EB2259CF9C000FAEF6 /* View */ = {
			isa = PBXGroup;
			children = (
				FA7677E7225A9FB20000D39A /* GroupCell */,
				FA27854B22591A200034B838 /* Main.storyboard */,
				FA27855022591A210034B838 /* LaunchScreen.storyboard */,
				FA9B3A1822630CD0009F2CB4 /* CustomControl.swift */,
			);
			path = View;
			sourceTree = "<group>";
		};
		FA5D56EC2259CFA1000FAEF6 /* Controller */ = {
			isa = PBXGroup;
			children = (
				FA5D56ED2259CFCA000FAEF6 /* Login */,
				FA5D56EE2259CFD7000FAEF6 /* Friends */,
				FA5D56EF2259D006000FAEF6 /* Groups */,
			);
			path = Controller;
			sourceTree = "<group>";
		};
		FA5D56ED2259CFCA000FAEF6 /* Login */ = {
			isa = PBXGroup;
			children = (
				FA5D56E422593A72000FAEF6 /* LoginViewController.swift */,
			);
			path = Login;
			sourceTree = "<group>";
		};
		FA5D56EE2259CFD7000FAEF6 /* Friends */ = {
			isa = PBXGroup;
			children = (
				FA5D56E6225966D8000FAEF6 /* FriendsViewController1.swift */,
			);
			path = Friends;
			sourceTree = "<group>";
		};
		FA5D56EF2259D006000FAEF6 /* Groups */ = {
			isa = PBXGroup;
			children = (
				FA5D56F02259D01F000FAEF6 /* GroupsViewController1.swift */,
				FA5D56F22259D206000FAEF6 /* SearchGroupViewController.swift */,
			);
			path = Groups;
			sourceTree = "<group>";
		};
		FA5D56F92259DF39000FAEF6 /* Helper */ = {
			isa = PBXGroup;
			children = (
				FA7677EA225AABB80000D39A /* Extension */,
				FA5D56FA2259DF47000FAEF6 /* CredentialsChecker.swift */,
				FA7677E3225A8A5D0000D39A /* MockData.swift */,
				FA45833A227359D100A2E725 /* WebImageView.swift */,
			);
			path = Helper;
			sourceTree = "<group>";
		};
		FA7677E7225A9FB20000D39A /* GroupCell */ = {
			isa = PBXGroup;
			children = (
				FA7677ED225AAE670000D39A /* AddNewGroupCell.swift */,
			);
			path = GroupCell;
			sourceTree = "<group>";
		};
		FA7677EA225AABB80000D39A /* Extension */ = {
			isa = PBXGroup;
			children = (
				FA5CEFC62278821F009579ED /* extUIViewLayout.swift */,
				FA7677EB225AABD10000D39A /* UIViewControllerAlerts.swift */,
				FA5CEFBB22771BAD009579ED /* String+Height.swift */,
			);
			path = Extension;
			sourceTree = "<group>";
		};
/* End PBXGroup section */

/* Begin PBXNativeTarget section */
		FA27854322591A200034B838 /* GB-VK */ = {
			isa = PBXNativeTarget;
			buildConfigurationList = FA27855622591A210034B838 /* Build configuration list for PBXNativeTarget "GB-VK" */;
			buildPhases = (
				79D87B3469B53F83395AD488 /* [CP] Check Pods Manifest.lock */,
				FA27854022591A200034B838 /* Sources */,
				FA27854122591A200034B838 /* Frameworks */,
				FA27854222591A200034B838 /* Resources */,
				E8B77F582DD61FC7A44882BB /* [CP] Embed Pods Frameworks */,
			);
			buildRules = (
			);
			dependencies = (
			);
			name = "GB-VK";
			productName = "GB-VK";
			productReference = FA27854422591A200034B838 /* GB-VK.app */;
			productType = "com.apple.product-type.application";
		};
/* End PBXNativeTarget section */

/* Begin PBXProject section */
		FA27853C22591A200034B838 /* Project object */ = {
			isa = PBXProject;
			attributes = {
				LastSwiftUpdateCheck = 1020;
				LastUpgradeCheck = 1020;
				ORGANIZATIONNAME = "MacBook-Игорь";
				TargetAttributes = {
					FA27854322591A200034B838 = {
						CreatedOnToolsVersion = 10.2;
					};
				};
			};
			buildConfigurationList = FA27853F22591A200034B838 /* Build configuration list for PBXProject "GB-VK" */;
			compatibilityVersion = "Xcode 9.3";
			developmentRegion = en;
			hasScannedForEncodings = 0;
			knownRegions = (
				en,
				Base,
			);
			mainGroup = FA27853B22591A200034B838;
			productRefGroup = FA27854522591A200034B838 /* Products */;
			projectDirPath = "";
			projectRoot = "";
			targets = (
				FA27854322591A200034B838 /* GB-VK */,
			);
		};
/* End PBXProject section */

/* Begin PBXResourcesBuildPhase section */
		FA27854222591A200034B838 /* Resources */ = {
			isa = PBXResourcesBuildPhase;
			buildActionMask = 2147483647;
			files = (
				FA4583132272024100A2E725 /* Authentication.storyboard in Resources */,
				FA45834C2273749700A2E725 /* Friends.storyboard in Resources */,
				FA27855222591A210034B838 /* LaunchScreen.storyboard in Resources */,
				FA458365227438B300A2E725 /* GroupCell.xib in Resources */,
				FA4583342273118B00A2E725 /* NewsfeedViewController.storyboard in Resources */,
				FA27854F22591A210034B838 /* Assets.xcassets in Resources */,
				FA4583602274380400A2E725 /* Groups.storyboard in Resources */,
				FA458338227320D400A2E725 /* NewsfeedCell.xib in Resources */,
				FA45836A2274963A00A2E725 /* Animation.storyboard in Resources */,
				FA27854D22591A200034B838 /* Main.storyboard in Resources */,
				FA45834F2274243A00A2E725 /* FriendCell.xib in Resources */,
				FA45837E2276CA4F00A2E725 /* FriendPhotos.storyboard in Resources */,
			);
			runOnlyForDeploymentPostprocessing = 0;
		};
/* End PBXResourcesBuildPhase section */

/* Begin PBXShellScriptBuildPhase section */
		79D87B3469B53F83395AD488 /* [CP] Check Pods Manifest.lock */ = {
			isa = PBXShellScriptBuildPhase;
			buildActionMask = 2147483647;
			files = (
			);
			inputFileListPaths = (
			);
			inputPaths = (
				"${PODS_PODFILE_DIR_PATH}/Podfile.lock",
				"${PODS_ROOT}/Manifest.lock",
			);
			name = "[CP] Check Pods Manifest.lock";
			outputFileListPaths = (
			);
			outputPaths = (
				"$(DERIVED_FILE_DIR)/Pods-GB-VK-checkManifestLockResult.txt",
			);
			runOnlyForDeploymentPostprocessing = 0;
			shellPath = /bin/sh;
			shellScript = "diff \"${PODS_PODFILE_DIR_PATH}/Podfile.lock\" \"${PODS_ROOT}/Manifest.lock\" > /dev/null\nif [ $? != 0 ] ; then\n    # print error to STDERR\n    echo \"error: The sandbox is not in sync with the Podfile.lock. Run 'pod install' or update your CocoaPods installation.\" >&2\n    exit 1\nfi\n# This output is used by Xcode 'outputs' to avoid re-running this script phase.\necho \"SUCCESS\" > \"${SCRIPT_OUTPUT_FILE_0}\"\n";
			showEnvVarsInLog = 0;
		};
		E8B77F582DD61FC7A44882BB /* [CP] Embed Pods Frameworks */ = {
			isa = PBXShellScriptBuildPhase;
			buildActionMask = 2147483647;
			files = (
			);
			inputFileListPaths = (
				"${PODS_ROOT}/Target Support Files/Pods-GB-VK/Pods-GB-VK-frameworks-${CONFIGURATION}-input-files.xcfilelist",
			);
			name = "[CP] Embed Pods Frameworks";
			outputFileListPaths = (
				"${PODS_ROOT}/Target Support Files/Pods-GB-VK/Pods-GB-VK-frameworks-${CONFIGURATION}-output-files.xcfilelist",
			);
			runOnlyForDeploymentPostprocessing = 0;
			shellPath = /bin/sh;
			shellScript = "\"${PODS_ROOT}/Target Support Files/Pods-GB-VK/Pods-GB-VK-frameworks.sh\"\n";
			showEnvVarsInLog = 0;
		};
/* End PBXShellScriptBuildPhase section */

/* Begin PBXSourcesBuildPhase section */
		FA27854022591A200034B838 /* Sources */ = {
			isa = PBXSourcesBuildPhase;
			buildActionMask = 2147483647;
			files = (
				FA458364227438B300A2E725 /* GroupCell.swift in Sources */,
				FA45837B2276CA1600A2E725 /* FriendPhotosInteractor.swift in Sources */,
				FA5D56E7225966D8000FAEF6 /* FriendsViewController1.swift in Sources */,
				FA45833B227359D100A2E725 /* WebImageView.swift in Sources */,
				FA45830F2271FE1E00A2E725 /* AuthService.swift in Sources */,
				FA5D56E522593A72000FAEF6 /* LoginViewController.swift in Sources */,
				FA4583202272F67C00A2E725 /* NewsfeedResponse.swift in Sources */,
				FA4583762276CA1600A2E725 /* FriendPhotosPresenter.swift in Sources */,
				FA4583812276CFD600A2E725 /* FriendPhotoCell.swift in Sources */,
				FA7677EE225AAE670000D39A /* AddNewGroupCell.swift in Sources */,
				FA45832D22730BDB00A2E725 /* NewsfeedWorker.swift in Sources */,
				FA4583492273747700A2E725 /* FriendsInteractor.swift in Sources */,
				FA45833022730BDB00A2E725 /* NewsfeedViewController.swift in Sources */,
				FA5D56FB2259DF47000FAEF6 /* CredentialsChecker.swift in Sources */,
				FA7677E6225A9CFC0000D39A /* Group.swift in Sources */,
				FA45835D2274377600A2E725 /* GroupsInteractor.swift in Sources */,
				FA5D56F12259D01F000FAEF6 /* GroupsViewController1.swift in Sources */,
				FABF4F03226F935C00672BE4 /* SearchManager.swift in Sources */,
				FA5CEFC72278821F009579ED /* extUIViewLayout.swift in Sources */,
				FA45832C22730BDB00A2E725 /* NewsfeedPresenter.swift in Sources */,
				FA4583462273747700A2E725 /* FriendsRouter.swift in Sources */,
				FA45832F22730BDB00A2E725 /* NewsfeedModels.swift in Sources */,
				FA5CEFBE22773CD9009579ED /* NewsfeedCodeCell.swift in Sources */,
				FA4583772276CA1600A2E725 /* FriendPhotosWorker.swift in Sources */,
				FA45837A2276CA1600A2E725 /* FriendPhotosViewController.swift in Sources */,
				FA5CEFC122786C08009579ED /* FooterView.swift in Sources */,
				FA9B3A172261C5A4009F2CB4 /* RoundShadowView.swift in Sources */,
				FA5D56F32259D206000FAEF6 /* SearchGroupViewController.swift in Sources */,
				FA9B3A1922630CD0009F2CB4 /* CustomControl.swift in Sources */,
				FA4583782276CA1600A2E725 /* FriendPhotosRouter.swift in Sources */,
				FA45832E22730BDB00A2E725 /* NewsfeedRouter.swift in Sources */,
				FA45833122730BDB00A2E725 /* NewsfeedInteractor.swift in Sources */,
				FA4583592274377600A2E725 /* GroupsWorker.swift in Sources */,
				FA5CEFBC22771BAD009579ED /* String+Height.swift in Sources */,
				FA4583222272FEEB00A2E725 /* NetworkDataFetcher.swift in Sources */,
				FA27854A22591A200034B838 /* AuthenticationVC.swift in Sources */,
				FA5CEFC522787C18009579ED /* NewsfeedCellTopView.swift in Sources */,
				FA4583582274377600A2E725 /* GroupsPresenter.swift in Sources */,
				FA5D56F82259D998000FAEF6 /* Friend.swift in Sources */,
				FA4583482273747700A2E725 /* FriendsViewController.swift in Sources */,
				FA5CEFC9227882E8009579ED /* NewsfeedCellBottomView.swift in Sources */,
				FA7677EC225AABD10000D39A /* UIViewControllerAlerts.swift in Sources */,
				FA27854822591A200034B838 /* AppDelegate.swift in Sources */,
				FA7677E4225A8A5D0000D39A /* MockData.swift in Sources */,
				FA45835B2274377600A2E725 /* GroupsModels.swift in Sources */,
				FA4583682274962F00A2E725 /* AnimationViewController.swift in Sources */,
				FA45835A2274377600A2E725 /* GroupsRouter.swift in Sources */,
				FA4583442273747700A2E725 /* FriendsPresenter.swift in Sources */,
				FA4583472273747700A2E725 /* FriendsModels.swift in Sources */,
				FA4583792276CA1600A2E725 /* FriendPhotosModels.swift in Sources */,
				FA45835C2274377600A2E725 /* GroupsViewController.swift in Sources */,
				FA45831E2272CCAF00A2E725 /* NetworkManager.swift in Sources */,
				FA458337227320D400A2E725 /* NewsfeedCell.swift in Sources */,
				FA5D56F62259D8F4000FAEF6 /* FriendCell.swift in Sources */,
				FA4583452273747700A2E725 /* FriendsWorker.swift in Sources */,
				FA45836C2275934700A2E725 /* NewsfeedLayoutCalculator.swift in Sources */,
			);
			runOnlyForDeploymentPostprocessing = 0;
		};
/* End PBXSourcesBuildPhase section */

/* Begin PBXVariantGroup section */
		FA27854B22591A200034B838 /* Main.storyboard */ = {
			isa = PBXVariantGroup;
			children = (
				FA27854C22591A200034B838 /* Base */,
			);
			name = Main.storyboard;
			sourceTree = "<group>";
		};
		FA27855022591A210034B838 /* LaunchScreen.storyboard */ = {
			isa = PBXVariantGroup;
			children = (
				FA27855122591A210034B838 /* Base */,
			);
			name = LaunchScreen.storyboard;
			sourceTree = "<group>";
		};
/* End PBXVariantGroup section */

/* Begin XCBuildConfiguration section */
		FA27855422591A210034B838 /* Debug */ = {
			isa = XCBuildConfiguration;
			buildSettings = {
				ALWAYS_SEARCH_USER_PATHS = NO;
				CLANG_ANALYZER_NONNULL = YES;
				CLANG_ANALYZER_NUMBER_OBJECT_CONVERSION = YES_AGGRESSIVE;
				CLANG_CXX_LANGUAGE_STANDARD = "gnu++14";
				CLANG_CXX_LIBRARY = "libc++";
				CLANG_ENABLE_MODULES = YES;
				CLANG_ENABLE_OBJC_ARC = YES;
				CLANG_ENABLE_OBJC_WEAK = YES;
				CLANG_WARN_BLOCK_CAPTURE_AUTORELEASING = YES;
				CLANG_WARN_BOOL_CONVERSION = YES;
				CLANG_WARN_COMMA = YES;
				CLANG_WARN_CONSTANT_CONVERSION = YES;
				CLANG_WARN_DEPRECATED_OBJC_IMPLEMENTATIONS = YES;
				CLANG_WARN_DIRECT_OBJC_ISA_USAGE = YES_ERROR;
				CLANG_WARN_DOCUMENTATION_COMMENTS = YES;
				CLANG_WARN_EMPTY_BODY = YES;
				CLANG_WARN_ENUM_CONVERSION = YES;
				CLANG_WARN_INFINITE_RECURSION = YES;
				CLANG_WARN_INT_CONVERSION = YES;
				CLANG_WARN_NON_LITERAL_NULL_CONVERSION = YES;
				CLANG_WARN_OBJC_IMPLICIT_RETAIN_SELF = YES;
				CLANG_WARN_OBJC_LITERAL_CONVERSION = YES;
				CLANG_WARN_OBJC_ROOT_CLASS = YES_ERROR;
				CLANG_WARN_RANGE_LOOP_ANALYSIS = YES;
				CLANG_WARN_STRICT_PROTOTYPES = YES;
				CLANG_WARN_SUSPICIOUS_MOVE = YES;
				CLANG_WARN_UNGUARDED_AVAILABILITY = YES_AGGRESSIVE;
				CLANG_WARN_UNREACHABLE_CODE = YES;
				CLANG_WARN__DUPLICATE_METHOD_MATCH = YES;
				CODE_SIGN_IDENTITY = "iPhone Developer";
				COPY_PHASE_STRIP = NO;
				DEBUG_INFORMATION_FORMAT = dwarf;
				ENABLE_STRICT_OBJC_MSGSEND = YES;
				ENABLE_TESTABILITY = YES;
				GCC_C_LANGUAGE_STANDARD = gnu11;
				GCC_DYNAMIC_NO_PIC = NO;
				GCC_NO_COMMON_BLOCKS = YES;
				GCC_OPTIMIZATION_LEVEL = 0;
				GCC_PREPROCESSOR_DEFINITIONS = (
					"DEBUG=1",
					"$(inherited)",
				);
				GCC_WARN_64_TO_32_BIT_CONVERSION = YES;
				GCC_WARN_ABOUT_RETURN_TYPE = YES_ERROR;
				GCC_WARN_UNDECLARED_SELECTOR = YES;
				GCC_WARN_UNINITIALIZED_AUTOS = YES_AGGRESSIVE;
				GCC_WARN_UNUSED_FUNCTION = YES;
				GCC_WARN_UNUSED_VARIABLE = YES;
				IPHONEOS_DEPLOYMENT_TARGET = 12.2;
				MTL_ENABLE_DEBUG_INFO = INCLUDE_SOURCE;
				MTL_FAST_MATH = YES;
				ONLY_ACTIVE_ARCH = YES;
				SDKROOT = iphoneos;
				SWIFT_ACTIVE_COMPILATION_CONDITIONS = DEBUG;
				SWIFT_OPTIMIZATION_LEVEL = "-Onone";
			};
			name = Debug;
		};
		FA27855522591A210034B838 /* Release */ = {
			isa = XCBuildConfiguration;
			buildSettings = {
				ALWAYS_SEARCH_USER_PATHS = NO;
				CLANG_ANALYZER_NONNULL = YES;
				CLANG_ANALYZER_NUMBER_OBJECT_CONVERSION = YES_AGGRESSIVE;
				CLANG_CXX_LANGUAGE_STANDARD = "gnu++14";
				CLANG_CXX_LIBRARY = "libc++";
				CLANG_ENABLE_MODULES = YES;
				CLANG_ENABLE_OBJC_ARC = YES;
				CLANG_ENABLE_OBJC_WEAK = YES;
				CLANG_WARN_BLOCK_CAPTURE_AUTORELEASING = YES;
				CLANG_WARN_BOOL_CONVERSION = YES;
				CLANG_WARN_COMMA = YES;
				CLANG_WARN_CONSTANT_CONVERSION = YES;
				CLANG_WARN_DEPRECATED_OBJC_IMPLEMENTATIONS = YES;
				CLANG_WARN_DIRECT_OBJC_ISA_USAGE = YES_ERROR;
				CLANG_WARN_DOCUMENTATION_COMMENTS = YES;
				CLANG_WARN_EMPTY_BODY = YES;
				CLANG_WARN_ENUM_CONVERSION = YES;
				CLANG_WARN_INFINITE_RECURSION = YES;
				CLANG_WARN_INT_CONVERSION = YES;
				CLANG_WARN_NON_LITERAL_NULL_CONVERSION = YES;
				CLANG_WARN_OBJC_IMPLICIT_RETAIN_SELF = YES;
				CLANG_WARN_OBJC_LITERAL_CONVERSION = YES;
				CLANG_WARN_OBJC_ROOT_CLASS = YES_ERROR;
				CLANG_WARN_RANGE_LOOP_ANALYSIS = YES;
				CLANG_WARN_STRICT_PROTOTYPES = YES;
				CLANG_WARN_SUSPICIOUS_MOVE = YES;
				CLANG_WARN_UNGUARDED_AVAILABILITY = YES_AGGRESSIVE;
				CLANG_WARN_UNREACHABLE_CODE = YES;
				CLANG_WARN__DUPLICATE_METHOD_MATCH = YES;
				CODE_SIGN_IDENTITY = "iPhone Developer";
				COPY_PHASE_STRIP = NO;
				DEBUG_INFORMATION_FORMAT = "dwarf-with-dsym";
				ENABLE_NS_ASSERTIONS = NO;
				ENABLE_STRICT_OBJC_MSGSEND = YES;
				GCC_C_LANGUAGE_STANDARD = gnu11;
				GCC_NO_COMMON_BLOCKS = YES;
				GCC_WARN_64_TO_32_BIT_CONVERSION = YES;
				GCC_WARN_ABOUT_RETURN_TYPE = YES_ERROR;
				GCC_WARN_UNDECLARED_SELECTOR = YES;
				GCC_WARN_UNINITIALIZED_AUTOS = YES_AGGRESSIVE;
				GCC_WARN_UNUSED_FUNCTION = YES;
				GCC_WARN_UNUSED_VARIABLE = YES;
				IPHONEOS_DEPLOYMENT_TARGET = 12.2;
				MTL_ENABLE_DEBUG_INFO = NO;
				MTL_FAST_MATH = YES;
				SDKROOT = iphoneos;
				SWIFT_COMPILATION_MODE = wholemodule;
				SWIFT_OPTIMIZATION_LEVEL = "-O";
				VALIDATE_PRODUCT = YES;
			};
			name = Release;
		};
		FA27855722591A210034B838 /* Debug */ = {
			isa = XCBuildConfiguration;
			baseConfigurationReference = F6118BB5C370D6E338067247 /* Pods-GB-VK.debug.xcconfig */;
			buildSettings = {
				ASSETCATALOG_COMPILER_APPICON_NAME = AppIcon;
				CODE_SIGN_STYLE = Automatic;
				DEVELOPMENT_TEAM = MG5S74VW4Q;
				INFOPLIST_FILE = "GB-VK/Info.plist";
				LD_RUNPATH_SEARCH_PATHS = (
					"$(inherited)",
					"@executable_path/Frameworks",
				);
				PRODUCT_BUNDLE_IDENTIFIER = "Igor-Tumanov.GB-VK";
				PRODUCT_NAME = "$(TARGET_NAME)";
				SWIFT_VERSION = 5.0;
				TARGETED_DEVICE_FAMILY = "1,2";
			};
			name = Debug;
		};
		FA27855822591A210034B838 /* Release */ = {
			isa = XCBuildConfiguration;
			baseConfigurationReference = 5B8CA86A3CE6E7315B413CFF /* Pods-GB-VK.release.xcconfig */;
			buildSettings = {
				ASSETCATALOG_COMPILER_APPICON_NAME = AppIcon;
				CODE_SIGN_STYLE = Automatic;
				DEVELOPMENT_TEAM = MG5S74VW4Q;
				INFOPLIST_FILE = "GB-VK/Info.plist";
				LD_RUNPATH_SEARCH_PATHS = (
					"$(inherited)",
					"@executable_path/Frameworks",
				);
				PRODUCT_BUNDLE_IDENTIFIER = "Igor-Tumanov.GB-VK";
				PRODUCT_NAME = "$(TARGET_NAME)";
				SWIFT_VERSION = 5.0;
				TARGETED_DEVICE_FAMILY = "1,2";
			};
			name = Release;
		};
/* End XCBuildConfiguration section */

/* Begin XCConfigurationList section */
		FA27853F22591A200034B838 /* Build configuration list for PBXProject "GB-VK" */ = {
			isa = XCConfigurationList;
			buildConfigurations = (
				FA27855422591A210034B838 /* Debug */,
				FA27855522591A210034B838 /* Release */,
			);
			defaultConfigurationIsVisible = 0;
			defaultConfigurationName = Release;
		};
		FA27855622591A210034B838 /* Build configuration list for PBXNativeTarget "GB-VK" */ = {
			isa = XCConfigurationList;
			buildConfigurations = (
				FA27855722591A210034B838 /* Debug */,
				FA27855822591A210034B838 /* Release */,
			);
			defaultConfigurationIsVisible = 0;
			defaultConfigurationName = Release;
		};
/* End XCConfigurationList section */
	};
	rootObject = FA27853C22591A200034B838 /* Project object */;
}
